
Microsoft Visual Studio Solution File, Format Version 12.00
# Visual Studio Version 17
VisualStudioVersion = 17.4.33122.133
MinimumVisualStudioVersion = 10.0.40219.1
Project("{FAE04EC0-301F-11D3-BF4B-00C04F79EFBC}") = "R20", "R20\R20.csproj", "{AC7A7EDE-9F9F-43F0-A454-46C22269B797}"
EndProject
Global
	GlobalSection(SolutionConfigurationPlatforms) = preSolution
		Debug|Any CPU = Debug|Any CPU
		Release|Any CPU = Release|Any CPU
	EndGlobalSection
	GlobalSection(ProjectConfigurationPlatforms) = postSolution
		{AC7A7EDE-9F9F-43F0-A454-46C22269B797}.Debug|Any CPU.ActiveCfg = Debug|Any CPU
		{AC7A7EDE-9F9F-43F0-A454-46C22269B797}.Debug|Any CPU.Build.0 = Debug|Any CPU
		{AC7A7EDE-9F9F-43F0-A454-46C22269B797}.Release|Any CPU.ActiveCfg = Release|Any CPU
		{AC7A7EDE-9F9F-43F0-A454-46C22269B797}.Release|Any CPU.Build.0 = Release|Any CPU
	EndGlobalSection
	GlobalSection(SolutionProperties) = preSolution
		HideSolutionNode = FALSE
	EndGlobalSection
	GlobalSection(ExtensibilityGlobals) = postSolution
		SolutionGuid = {BA29E27C-01E0-405B-A7AD-484E5F0F96B3}
	EndGlobalSection
EndGlobal
